
Microsoft Visual Studio Solution File, Format Version 12.00
# Visual Studio 15
VisualStudioVersion = 15.0.27130.2024
MinimumVisualStudioVersion = 10.0.40219.1
Project("{FAE04EC0-301F-11D3-BF4B-00C04F79EFBC}") = "WalsinIoTPlatform", "WalsinIoTPlatform\WalsinIoTPlatform.csproj", "{ADBE4E63-4013-41A1-B73E-AC739670A986}"
EndProject
Global
	GlobalSection(SolutionConfigurationPlatforms) = preSolution
		Debug|Any CPU = Debug|Any CPU
		Release|Any CPU = Release|Any CPU
	EndGlobalSection
	GlobalSection(ProjectConfigurationPlatforms) = postSolution
		{ADBE4E63-4013-41A1-B73E-AC739670A986}.Debug|Any CPU.ActiveCfg = Debug|Any CPU
		{ADBE4E63-4013-41A1-B73E-AC739670A986}.Debug|Any CPU.Build.0 = Debug|Any CPU
		{ADBE4E63-4013-41A1-B73E-AC739670A986}.Release|Any CPU.ActiveCfg = Release|Any CPU
		{ADBE4E63-4013-41A1-B73E-AC739670A986}.Release|Any CPU.Build.0 = Release|Any CPU
	EndGlobalSection
	GlobalSection(SolutionProperties) = preSolution
		HideSolutionNode = FALSE
	EndGlobalSection
	GlobalSection(ExtensibilityGlobals) = postSolution
		SolutionGuid = {52BA9808-596F-4AF3-A1B4-7EDCBCCAAFD3}
	EndGlobalSection
EndGlobal
